
Microsoft Visual Studio Solution File, Format Version 12.00
# Visual Studio Version 17
VisualStudioVersion = 17.5.002.0
MinimumVisualStudioVersion = 10.0.40219.1
Project("{9A19103F-16F7-4668-BE54-9A1E7A4F7556}") = "TaskMaster", "TaskMaster.csproj", "{CF0D26A5-7CA3-4917-90DB-0612268957C3}"
EndProject
Global
	GlobalSection(SolutionConfigurationPlatforms) = preSolution
		Debug|Any CPU = Debug|Any CPU
		Release|Any CPU = Release|Any CPU
	EndGlobalSection
	GlobalSection(ProjectConfigurationPlatforms) = postSolution
		{CF0D26A5-7CA3-4917-90DB-0612268957C3}.Debug|Any CPU.ActiveCfg = Debug|Any CPU
		{CF0D26A5-7CA3-4917-90DB-0612268957C3}.Debug|Any CPU.Build.0 = Debug|Any CPU
		{CF0D26A5-7CA3-4917-90DB-0612268957C3}.Release|Any CPU.ActiveCfg = Release|Any CPU
		{CF0D26A5-7CA3-4917-90DB-0612268957C3}.Release|Any CPU.Build.0 = Release|Any CPU
	EndGlobalSection
	GlobalSection(SolutionProperties) = preSolution
		HideSolutionNode = FALSE
	EndGlobalSection
	GlobalSection(ExtensibilityGlobals) = postSolution
		SolutionGuid = {2F98141F-D390-43B0-B893-01180A387101}
	EndGlobalSection
EndGlobal
